
Microsoft Visual Studio Solution File, Format Version 12.00
# Visual Studio Version 17
VisualStudioVersion = 17.1.32421.90
MinimumVisualStudioVersion = 10.0.40219.1
Project("{9A19103F-16F7-4668-BE54-9A1E7A4F7556}") = "MeuPrimeiroCodigo", "MeuPrimeiroCodigo\MeuPrimeiroCodigo.csproj", "{C2F88973-BF92-449E-97C1-1120B8C4DBB3}"
EndProject
Project("{9A19103F-16F7-4668-BE54-9A1E7A4F7556}") = "MinhasInformacoes", "MinhasInformacoes\MinhasInformacoes.csproj", "{50AB0FD2-6E94-40D5-84C2-C23D26F9DEE5}"
EndProject
Project("{9A19103F-16F7-4668-BE54-9A1E7A4F7556}") = "Calculadora", "Calculadora\Calculadora.csproj", "{A214620F-F6AE-492F-9A28-8C95A37DD026}"
EndProject
Project("{FAE04EC0-301F-11D3-BF4B-00C04F79EFBC}") = "Constante", "Constante\Constante.csproj", "{297DCEBD-A73F-40B8-B9EF-9E276F6106B4}"
EndProject
Project("{FAE04EC0-301F-11D3-BF4B-00C04F79EFBC}") = "Beecrowd_Extremamentebasico", "Beecrowd_Extremamentebasico\Beecrowd_Extremamentebasico.csproj", "{A33B64D9-DAB2-473B-8A90-A8E3A2C43C57}"
EndProject
Project("{FAE04EC0-301F-11D3-BF4B-00C04F79EFBC}") = "Beecrowd_AreaDoCirculo", "Beecrowd_AreaDoCirculo\Beecrowd_AreaDoCirculo.csproj", "{FDDD6C1B-4A81-49DB-B35C-86D8528DFA8C}"
EndProject
Project("{FAE04EC0-301F-11D3-BF4B-00C04F79EFBC}") = "Beecrowd_SomaSimples", "Beecrowd_SomaSimples\Beecrowd_SomaSimples.csproj", "{7047540B-C43A-43DD-BD38-E6F1ED4F6167}"
EndProject
Project("{FAE04EC0-301F-11D3-BF4B-00C04F79EFBC}") = "Beecrowd_ProdutoSimples", "Beecrowd_ProdutoSimples\Beecrowd_ProdutoSimples.csproj", "{D95A70A5-7BAE-4A3C-B487-54EE0BC82E4A}"
EndProject
Project("{FAE04EC0-301F-11D3-BF4B-00C04F79EFBC}") = "Beecrowd_Media1", "Beecrowd_Media1\Beecrowd_Media1.csproj", "{DD32B198-5632-4D56-A4E6-14A517031B95}"
EndProject
Project("{FAE04EC0-301F-11D3-BF4B-00C04F79EFBC}") = "Beecrowd_Media2", "Beecrowd_Media2\Beecrowd_Media2.csproj", "{4D2B58ED-34A9-4786-8B9F-F8D95F248064}"
EndProject
Project("{FAE04EC0-301F-11D3-BF4B-00C04F79EFBC}") = "Beecrowd_Intervalo", "Beecrowd_Intervalo\Beecrowd_Intervalo.csproj", "{E65CA4B6-350F-404D-955F-98DC3861B861}"
EndProject
Project("{FAE04EC0-301F-11D3-BF4B-00C04F79EFBC}") = "Beecrowd_AumentoSalario", "Beecrowd_AumentoSalario\Beecrowd_AumentoSalario.csproj", "{8A2F0CD7-CF5C-4FF4-8BD9-4BE95921DB89}"
EndProject
Project("{FAE04EC0-301F-11D3-BF4B-00C04F79EFBC}") = "Beecrowd_Animal", "Beecrowd_Animal\Beecrowd_Animal.csproj", "{7A1D1EE2-ABD3-47B6-920C-4F3AEDEB480B}"
EndProject
Project("{FAE04EC0-301F-11D3-BF4B-00C04F79EFBC}") = "Beecrowd_DDD", "Beecrowd_DDD\Beecrowd_DDD.csproj", "{35EF54B6-D4C7-4730-A0F7-AF9EF641299F}"
EndProject
Global
	GlobalSection(SolutionConfigurationPlatforms) = preSolution
		Debug|Any CPU = Debug|Any CPU
		Release|Any CPU = Release|Any CPU
	EndGlobalSection
	GlobalSection(ProjectConfigurationPlatforms) = postSolution
		{C2F88973-BF92-449E-97C1-1120B8C4DBB3}.Debug|Any CPU.ActiveCfg = Debug|Any CPU
		{C2F88973-BF92-449E-97C1-1120B8C4DBB3}.Debug|Any CPU.Build.0 = Debug|Any CPU
		{C2F88973-BF92-449E-97C1-1120B8C4DBB3}.Release|Any CPU.ActiveCfg = Release|Any CPU
		{C2F88973-BF92-449E-97C1-1120B8C4DBB3}.Release|Any CPU.Build.0 = Release|Any CPU
		{50AB0FD2-6E94-40D5-84C2-C23D26F9DEE5}.Debug|Any CPU.ActiveCfg = Debug|Any CPU
		{50AB0FD2-6E94-40D5-84C2-C23D26F9DEE5}.Debug|Any CPU.Build.0 = Debug|Any CPU
		{50AB0FD2-6E94-40D5-84C2-C23D26F9DEE5}.Release|Any CPU.ActiveCfg = Release|Any CPU
		{50AB0FD2-6E94-40D5-84C2-C23D26F9DEE5}.Release|Any CPU.Build.0 = Release|Any CPU
		{A214620F-F6AE-492F-9A28-8C95A37DD026}.Debug|Any CPU.ActiveCfg = Debug|Any CPU
		{A214620F-F6AE-492F-9A28-8C95A37DD026}.Debug|Any CPU.Build.0 = Debug|Any CPU
		{A214620F-F6AE-492F-9A28-8C95A37DD026}.Release|Any CPU.ActiveCfg = Release|Any CPU
		{A214620F-F6AE-492F-9A28-8C95A37DD026}.Release|Any CPU.Build.0 = Release|Any CPU
		{297DCEBD-A73F-40B8-B9EF-9E276F6106B4}.Debug|Any CPU.ActiveCfg = Debug|Any CPU
		{297DCEBD-A73F-40B8-B9EF-9E276F6106B4}.Debug|Any CPU.Build.0 = Debug|Any CPU
		{297DCEBD-A73F-40B8-B9EF-9E276F6106B4}.Release|Any CPU.ActiveCfg = Release|Any CPU
		{297DCEBD-A73F-40B8-B9EF-9E276F6106B4}.Release|Any CPU.Build.0 = Release|Any CPU
		{A33B64D9-DAB2-473B-8A90-A8E3A2C43C57}.Debug|Any CPU.ActiveCfg = Debug|Any CPU
		{A33B64D9-DAB2-473B-8A90-A8E3A2C43C57}.Debug|Any CPU.Build.0 = Debug|Any CPU
		{A33B64D9-DAB2-473B-8A90-A8E3A2C43C57}.Release|Any CPU.ActiveCfg = Release|Any CPU
		{A33B64D9-DAB2-473B-8A90-A8E3A2C43C57}.Release|Any CPU.Build.0 = Release|Any CPU
		{FDDD6C1B-4A81-49DB-B35C-86D8528DFA8C}.Debug|Any CPU.ActiveCfg = Debug|Any CPU
		{FDDD6C1B-4A81-49DB-B35C-86D8528DFA8C}.Debug|Any CPU.Build.0 = Debug|Any CPU
		{FDDD6C1B-4A81-49DB-B35C-86D8528DFA8C}.Release|Any CPU.ActiveCfg = Release|Any CPU
		{FDDD6C1B-4A81-49DB-B35C-86D8528DFA8C}.Release|Any CPU.Build.0 = Release|Any CPU
		{7047540B-C43A-43DD-BD38-E6F1ED4F6167}.Debug|Any CPU.ActiveCfg = Debug|Any CPU
		{7047540B-C43A-43DD-BD38-E6F1ED4F6167}.Debug|Any CPU.Build.0 = Debug|Any CPU
		{7047540B-C43A-43DD-BD38-E6F1ED4F6167}.Release|Any CPU.ActiveCfg = Release|Any CPU
		{7047540B-C43A-43DD-BD38-E6F1ED4F6167}.Release|Any CPU.Build.0 = Release|Any CPU
		{D95A70A5-7BAE-4A3C-B487-54EE0BC82E4A}.Debug|Any CPU.ActiveCfg = Debug|Any CPU
		{D95A70A5-7BAE-4A3C-B487-54EE0BC82E4A}.Debug|Any CPU.Build.0 = Debug|Any CPU
		{D95A70A5-7BAE-4A3C-B487-54EE0BC82E4A}.Release|Any CPU.ActiveCfg = Release|Any CPU
		{D95A70A5-7BAE-4A3C-B487-54EE0BC82E4A}.Release|Any CPU.Build.0 = Release|Any CPU
		{DD32B198-5632-4D56-A4E6-14A517031B95}.Debug|Any CPU.ActiveCfg = Debug|Any CPU
		{DD32B198-5632-4D56-A4E6-14A517031B95}.Debug|Any CPU.Build.0 = Debug|Any CPU
		{DD32B198-5632-4D56-A4E6-14A517031B95}.Release|Any CPU.ActiveCfg = Release|Any CPU
		{DD32B198-5632-4D56-A4E6-14A517031B95}.Release|Any CPU.Build.0 = Release|Any CPU
		{4D2B58ED-34A9-4786-8B9F-F8D95F248064}.Debug|Any CPU.ActiveCfg = Debug|Any CPU
		{4D2B58ED-34A9-4786-8B9F-F8D95F248064}.Debug|Any CPU.Build.0 = Debug|Any CPU
		{4D2B58ED-34A9-4786-8B9F-F8D95F248064}.Release|Any CPU.ActiveCfg = Release|Any CPU
		{4D2B58ED-34A9-4786-8B9F-F8D95F248064}.Release|Any CPU.Build.0 = Release|Any CPU
		{E65CA4B6-350F-404D-955F-98DC3861B861}.Debug|Any CPU.ActiveCfg = Debug|Any CPU
		{E65CA4B6-350F-404D-955F-98DC3861B861}.Debug|Any CPU.Build.0 = Debug|Any CPU
		{E65CA4B6-350F-404D-955F-98DC3861B861}.Release|Any CPU.ActiveCfg = Release|Any CPU
		{E65CA4B6-350F-404D-955F-98DC3861B861}.Release|Any CPU.Build.0 = Release|Any CPU
		{8A2F0CD7-CF5C-4FF4-8BD9-4BE95921DB89}.Debug|Any CPU.ActiveCfg = Debug|Any CPU
		{8A2F0CD7-CF5C-4FF4-8BD9-4BE95921DB89}.Debug|Any CPU.Build.0 = Debug|Any CPU
		{8A2F0CD7-CF5C-4FF4-8BD9-4BE95921DB89}.Release|Any CPU.ActiveCfg = Release|Any CPU
		{8A2F0CD7-CF5C-4FF4-8BD9-4BE95921DB89}.Release|Any CPU.Build.0 = Release|Any CPU
		{7A1D1EE2-ABD3-47B6-920C-4F3AEDEB480B}.Debug|Any CPU.ActiveCfg = Debug|Any CPU
		{7A1D1EE2-ABD3-47B6-920C-4F3AEDEB480B}.Debug|Any CPU.Build.0 = Debug|Any CPU
		{7A1D1EE2-ABD3-47B6-920C-4F3AEDEB480B}.Release|Any CPU.ActiveCfg = Release|Any CPU
		{7A1D1EE2-ABD3-47B6-920C-4F3AEDEB480B}.Release|Any CPU.Build.0 = Release|Any CPU
		{35EF54B6-D4C7-4730-A0F7-AF9EF641299F}.Debug|Any CPU.ActiveCfg = Debug|Any CPU
		{35EF54B6-D4C7-4730-A0F7-AF9EF641299F}.Debug|Any CPU.Build.0 = Debug|Any CPU
		{35EF54B6-D4C7-4730-A0F7-AF9EF641299F}.Release|Any CPU.ActiveCfg = Release|Any CPU
		{35EF54B6-D4C7-4730-A0F7-AF9EF641299F}.Release|Any CPU.Build.0 = Release|Any CPU
	EndGlobalSection
	GlobalSection(SolutionProperties) = preSolution
		HideSolutionNode = FALSE
	EndGlobalSection
	GlobalSection(ExtensibilityGlobals) = postSolution
		SolutionGuid = {3135CC6C-732C-494A-B1E1-867D1B1F3EF3}
	EndGlobalSection
EndGlobal
