
Microsoft Visual Studio Solution File, Format Version 12.00
# Visual Studio Version 17
VisualStudioVersion = 17.1.32421.90
MinimumVisualStudioVersion = 10.0.40219.1
Project("{9A19103F-16F7-4668-BE54-9A1E7A4F7556}") = "MeuPrimeiroCodigo", "MeuPrimeiroCodigo\MeuPrimeiroCodigo.csproj", "{C2F88973-BF92-449E-97C1-1120B8C4DBB3}"
EndProject
Project("{9A19103F-16F7-4668-BE54-9A1E7A4F7556}") = "MinhasInformacoes", "MinhasInformacoes\MinhasInformacoes.csproj", "{50AB0FD2-6E94-40D5-84C2-C23D26F9DEE5}"
EndProject
Project("{9A19103F-16F7-4668-BE54-9A1E7A4F7556}") = "Calculadora", "Calculadora\Calculadora.csproj", "{A214620F-F6AE-492F-9A28-8C95A37DD026}"
EndProject
Project("{9A19103F-16F7-4668-BE54-9A1E7A4F7556}") = "Constante", "Constante\Constante.csproj", "{297DCEBD-A73F-40B8-B9EF-9E276F6106B4}"
EndProject
Project("{9A19103F-16F7-4668-BE54-9A1E7A4F7556}") = "Beecrowd_Extremamentebasico", "Beecrowd_Extremamentebasico\Beecrowd_Extremamentebasico.csproj", "{A33B64D9-DAB2-473B-8A90-A8E3A2C43C57}"
EndProject
Project("{9A19103F-16F7-4668-BE54-9A1E7A4F7556}") = "Beecrowd_AreaDoCirculo", "Beecrowd_AreaDoCirculo\Beecrowd_AreaDoCirculo.csproj", "{FDDD6C1B-4A81-49DB-B35C-86D8528DFA8C}"
EndProject
Project("{9A19103F-16F7-4668-BE54-9A1E7A4F7556}") = "Beecrowd_SomaSimples", "Beecrowd_SomaSimples\Beecrowd_SomaSimples.csproj", "{7047540B-C43A-43DD-BD38-E6F1ED4F6167}"
EndProject
Project("{9A19103F-16F7-4668-BE54-9A1E7A4F7556}") = "Beecrowd_ProdutoSimples", "Beecrowd_ProdutoSimples\Beecrowd_ProdutoSimples.csproj", "{D95A70A5-7BAE-4A3C-B487-54EE0BC82E4A}"
EndProject
Project("{9A19103F-16F7-4668-BE54-9A1E7A4F7556}") = "Beecrowd_Media1", "Beecrowd_Media1\Beecrowd_Media1.csproj", "{DD32B198-5632-4D56-A4E6-14A517031B95}"
EndProject
Project("{9A19103F-16F7-4668-BE54-9A1E7A4F7556}") = "Beecrowd_Media2", "Beecrowd_Media2\Beecrowd_Media2.csproj", "{4D2B58ED-34A9-4786-8B9F-F8D95F248064}"
EndProject
Project("{9A19103F-16F7-4668-BE54-9A1E7A4F7556}") = "Beecrowd_Intervalo", "Beecrowd_Intervalo\Beecrowd_Intervalo.csproj", "{E65CA4B6-350F-404D-955F-98DC3861B861}"
EndProject
Project("{9A19103F-16F7-4668-BE54-9A1E7A4F7556}") = "Beecrowd_AumentoSalario", "Beecrowd_AumentoSalario\Beecrowd_AumentoSalario.csproj", "{8A2F0CD7-CF5C-4FF4-8BD9-4BE95921DB89}"
EndProject
Project("{9A19103F-16F7-4668-BE54-9A1E7A4F7556}") = "Beecrowd_Animal", "Beecrowd_Animal\Beecrowd_Animal.csproj", "{7A1D1EE2-ABD3-47B6-920C-4F3AEDEB480B}"
EndProject
Project("{9A19103F-16F7-4668-BE54-9A1E7A4F7556}") = "Beecrowd_DDD", "Beecrowd_DDD\Beecrowd_DDD.csproj", "{35EF54B6-D4C7-4730-A0F7-AF9EF641299F}"
EndProject
Project("{9A19103F-16F7-4668-BE54-9A1E7A4F7556}") = "Beecrowd_Diferenca", "Beecrowd_Diferenca\Beecrowd_Diferenca.csproj", "{559FEDDB-EB5A-4922-AF4A-7DF513269765}"
EndProject
Project("{9A19103F-16F7-4668-BE54-9A1E7A4F7556}") = "Beecrowd_SALARIO", "Beecrowd_SALARIO\Beecrowd_SALARIO.csproj", "{D17C1C43-0A5B-4AA1-9784-D5D58A3A9F43}"
EndProject
Project("{9A19103F-16F7-4668-BE54-9A1E7A4F7556}") = "Beecrowd_SalarioComBonus", "Beecrowd_SalarioComBonus\Beecrowd_SalarioComBonus.csproj", "{A0A3C61D-200B-4F86-971A-523704942940}"
EndProject
Project("{9A19103F-16F7-4668-BE54-9A1E7A4F7556}") = "Beecrowd_Esfera", "Beecrowd_Esfera\Beecrowd_Esfera.csproj", "{9FBC0DB1-F6E5-43EA-A1C7-563EC929EEF9}"
EndProject
Project("{9A19103F-16F7-4668-BE54-9A1E7A4F7556}") = "Beecrowd_Consumo", "Beecrowd_Consumo\Beecrowd_Consumo.csproj", "{4DFA1792-C75C-4BA1-80BC-EFD518EC50A6}"
EndProject
Project("{9A19103F-16F7-4668-BE54-9A1E7A4F7556}") = "Beecrowd_Distancia", "Beecrowd_Distancia\Beecrowd_Distancia.csproj", "{2C53C36D-6E9E-49AD-AE19-75995C549236}"
EndProject
Project("{9A19103F-16F7-4668-BE54-9A1E7A4F7556}") = "Beecrowd_GastoDeCombustivel", "Beecrowd_GastoDeCombustivel\Beecrowd_GastoDeCombustivel.csproj", "{AC8467DB-EA3B-4705-AA97-294CB8F3134D}"
EndProject
Project("{9A19103F-16F7-4668-BE54-9A1E7A4F7556}") = "Beecrowd_Cedulas", "Beecrowd_Cedulas\Beecrowd_Cedulas.csproj", "{068A2428-6897-4876-B834-7425D4951209}"
EndProject
Project("{9A19103F-16F7-4668-BE54-9A1E7A4F7556}") = "Beecrowd_IdadeEmDias", "Beecrowd_IdadeEmDias\Beecrowd_IdadeEmDias.csproj", "{98270BF3-748D-4DF5-A4CB-0DB24F683FE2}"
EndProject
Project("{9A19103F-16F7-4668-BE54-9A1E7A4F7556}") = "Beecrowd_NotasEMoedas", "Beecrowd_NotasEMoedas\Beecrowd_NotasEMoedas.csproj", "{37C76083-4D8D-4653-BC42-22DC8FA77E49}"
EndProject
Project("{9A19103F-16F7-4668-BE54-9A1E7A4F7556}") = "Beecrowd_NumerosPares", "Beecrowd_NumerosPares\Beecrowd_NumerosPares.csproj", "{C337F631-C97E-4F1A-B33C-B627E77D6530}"
EndProject
Project("{9A19103F-16F7-4668-BE54-9A1E7A4F7556}") = "Beecrowd_NumerosPositivos", "Beecrowd_NumerosPositivos\Beecrowd_NumerosPositivos.csproj", "{B0BAB6C8-9230-439A-A0F6-A802897B8CC3}"
EndProject
Project("{9A19103F-16F7-4668-BE54-9A1E7A4F7556}") = "Beecrowd_PositivosEMedia", "Beecrowd_PositivosEMedia\Beecrowd_PositivosEMedia.csproj", "{859F2C1C-C62E-45B1-AE74-A5EF3FEC19EA}"
EndProject
Project("{9A19103F-16F7-4668-BE54-9A1E7A4F7556}") = "Beecrowd_Pares_Impares_Positivos_Negativos", "Beecrowd_Pares_Impares_Positivos_Negativos\Beecrowd_Pares_Impares_Positivos_Negativos.csproj", "{9A75527D-E613-4A24-9660-DDB49EDF52D6}"
EndProject
Project("{9A19103F-16F7-4668-BE54-9A1E7A4F7556}") = "Beecrowd_numerosimpares", "Beecrowd_numerosimpares\Beecrowd_numerosimpares.csproj", "{2B86B268-B42A-47EA-ABE6-68BEC4241EAF}"
EndProject
Project("{9A19103F-16F7-4668-BE54-9A1E7A4F7556}") = "Beecrowd_seisnumerosimpares", "Beecrowd_seisnumerosimpares\Beecrowd_seisnumerosimpares.csproj", "{5C2CEE73-9819-45DA-87A8-D4597B3E7FB9}"
EndProject
Project("{9A19103F-16F7-4668-BE54-9A1E7A4F7556}") = "Lernumeroexerciciovetor", "Lernumeroexerciciovetor\Lernumeroexerciciovetor.csproj", "{DB100384-6586-4AEF-BFC4-F17135B3742D}"
EndProject
Project("{9A19103F-16F7-4668-BE54-9A1E7A4F7556}") = "jogovelha", "jogovelha\jogovelha.csproj", "{5FA30236-9378-427D-987B-D35CBDAE318F}"
EndProject
Project("{FAE04EC0-301F-11D3-BF4B-00C04F79EFBC}") = "Beecrowd_Intervalo2", "Beecrowd_Intervalo2\Beecrowd_Intervalo2.csproj", "{5281FEE2-E339-4F9B-ADB4-5A3EA228DE76}"
EndProject
Project("{FAE04EC0-301F-11D3-BF4B-00C04F79EFBC}") = "Beecrowd_Quadradodepares", "Beecrowd_Quadradodepares\Beecrowd_Quadradodepares.csproj", "{FFA2E273-038E-47FD-B5D1-BBE46608FC38}"
EndProject
Project("{FAE04EC0-301F-11D3-BF4B-00C04F79EFBC}") = "Beecrowd_Pum", "Beecrowd_Pum\Beecrowd_Pum.csproj", "{CC9602B4-4F78-4DB0-B87D-2839475E235C}"
EndProject
Global
	GlobalSection(SolutionConfigurationPlatforms) = preSolution
		Debug|Any CPU = Debug|Any CPU
		Release|Any CPU = Release|Any CPU
	EndGlobalSection
	GlobalSection(ProjectConfigurationPlatforms) = postSolution
		{C2F88973-BF92-449E-97C1-1120B8C4DBB3}.Debug|Any CPU.ActiveCfg = Debug|Any CPU
		{C2F88973-BF92-449E-97C1-1120B8C4DBB3}.Debug|Any CPU.Build.0 = Debug|Any CPU
		{C2F88973-BF92-449E-97C1-1120B8C4DBB3}.Release|Any CPU.ActiveCfg = Release|Any CPU
		{C2F88973-BF92-449E-97C1-1120B8C4DBB3}.Release|Any CPU.Build.0 = Release|Any CPU
		{50AB0FD2-6E94-40D5-84C2-C23D26F9DEE5}.Debug|Any CPU.ActiveCfg = Debug|Any CPU
		{50AB0FD2-6E94-40D5-84C2-C23D26F9DEE5}.Debug|Any CPU.Build.0 = Debug|Any CPU
		{50AB0FD2-6E94-40D5-84C2-C23D26F9DEE5}.Release|Any CPU.ActiveCfg = Release|Any CPU
		{50AB0FD2-6E94-40D5-84C2-C23D26F9DEE5}.Release|Any CPU.Build.0 = Release|Any CPU
		{A214620F-F6AE-492F-9A28-8C95A37DD026}.Debug|Any CPU.ActiveCfg = Debug|Any CPU
		{A214620F-F6AE-492F-9A28-8C95A37DD026}.Debug|Any CPU.Build.0 = Debug|Any CPU
		{A214620F-F6AE-492F-9A28-8C95A37DD026}.Release|Any CPU.ActiveCfg = Release|Any CPU
		{A214620F-F6AE-492F-9A28-8C95A37DD026}.Release|Any CPU.Build.0 = Release|Any CPU
		{297DCEBD-A73F-40B8-B9EF-9E276F6106B4}.Debug|Any CPU.ActiveCfg = Debug|Any CPU
		{297DCEBD-A73F-40B8-B9EF-9E276F6106B4}.Debug|Any CPU.Build.0 = Debug|Any CPU
		{297DCEBD-A73F-40B8-B9EF-9E276F6106B4}.Release|Any CPU.ActiveCfg = Release|Any CPU
		{297DCEBD-A73F-40B8-B9EF-9E276F6106B4}.Release|Any CPU.Build.0 = Release|Any CPU
		{A33B64D9-DAB2-473B-8A90-A8E3A2C43C57}.Debug|Any CPU.ActiveCfg = Debug|Any CPU
		{A33B64D9-DAB2-473B-8A90-A8E3A2C43C57}.Debug|Any CPU.Build.0 = Debug|Any CPU
		{A33B64D9-DAB2-473B-8A90-A8E3A2C43C57}.Release|Any CPU.ActiveCfg = Release|Any CPU
		{A33B64D9-DAB2-473B-8A90-A8E3A2C43C57}.Release|Any CPU.Build.0 = Release|Any CPU
		{FDDD6C1B-4A81-49DB-B35C-86D8528DFA8C}.Debug|Any CPU.ActiveCfg = Debug|Any CPU
		{FDDD6C1B-4A81-49DB-B35C-86D8528DFA8C}.Debug|Any CPU.Build.0 = Debug|Any CPU
		{FDDD6C1B-4A81-49DB-B35C-86D8528DFA8C}.Release|Any CPU.ActiveCfg = Release|Any CPU
		{FDDD6C1B-4A81-49DB-B35C-86D8528DFA8C}.Release|Any CPU.Build.0 = Release|Any CPU
		{7047540B-C43A-43DD-BD38-E6F1ED4F6167}.Debug|Any CPU.ActiveCfg = Debug|Any CPU
		{7047540B-C43A-43DD-BD38-E6F1ED4F6167}.Debug|Any CPU.Build.0 = Debug|Any CPU
		{7047540B-C43A-43DD-BD38-E6F1ED4F6167}.Release|Any CPU.ActiveCfg = Release|Any CPU
		{7047540B-C43A-43DD-BD38-E6F1ED4F6167}.Release|Any CPU.Build.0 = Release|Any CPU
		{D95A70A5-7BAE-4A3C-B487-54EE0BC82E4A}.Debug|Any CPU.ActiveCfg = Debug|Any CPU
		{D95A70A5-7BAE-4A3C-B487-54EE0BC82E4A}.Debug|Any CPU.Build.0 = Debug|Any CPU
		{D95A70A5-7BAE-4A3C-B487-54EE0BC82E4A}.Release|Any CPU.ActiveCfg = Release|Any CPU
		{D95A70A5-7BAE-4A3C-B487-54EE0BC82E4A}.Release|Any CPU.Build.0 = Release|Any CPU
		{DD32B198-5632-4D56-A4E6-14A517031B95}.Debug|Any CPU.ActiveCfg = Debug|Any CPU
		{DD32B198-5632-4D56-A4E6-14A517031B95}.Debug|Any CPU.Build.0 = Debug|Any CPU
		{DD32B198-5632-4D56-A4E6-14A517031B95}.Release|Any CPU.ActiveCfg = Release|Any CPU
		{DD32B198-5632-4D56-A4E6-14A517031B95}.Release|Any CPU.Build.0 = Release|Any CPU
		{4D2B58ED-34A9-4786-8B9F-F8D95F248064}.Debug|Any CPU.ActiveCfg = Debug|Any CPU
		{4D2B58ED-34A9-4786-8B9F-F8D95F248064}.Debug|Any CPU.Build.0 = Debug|Any CPU
		{4D2B58ED-34A9-4786-8B9F-F8D95F248064}.Release|Any CPU.ActiveCfg = Release|Any CPU
		{4D2B58ED-34A9-4786-8B9F-F8D95F248064}.Release|Any CPU.Build.0 = Release|Any CPU
		{E65CA4B6-350F-404D-955F-98DC3861B861}.Debug|Any CPU.ActiveCfg = Debug|Any CPU
		{E65CA4B6-350F-404D-955F-98DC3861B861}.Debug|Any CPU.Build.0 = Debug|Any CPU
		{E65CA4B6-350F-404D-955F-98DC3861B861}.Release|Any CPU.ActiveCfg = Release|Any CPU
		{E65CA4B6-350F-404D-955F-98DC3861B861}.Release|Any CPU.Build.0 = Release|Any CPU
		{8A2F0CD7-CF5C-4FF4-8BD9-4BE95921DB89}.Debug|Any CPU.ActiveCfg = Debug|Any CPU
		{8A2F0CD7-CF5C-4FF4-8BD9-4BE95921DB89}.Debug|Any CPU.Build.0 = Debug|Any CPU
		{8A2F0CD7-CF5C-4FF4-8BD9-4BE95921DB89}.Release|Any CPU.ActiveCfg = Release|Any CPU
		{8A2F0CD7-CF5C-4FF4-8BD9-4BE95921DB89}.Release|Any CPU.Build.0 = Release|Any CPU
		{7A1D1EE2-ABD3-47B6-920C-4F3AEDEB480B}.Debug|Any CPU.ActiveCfg = Debug|Any CPU
		{7A1D1EE2-ABD3-47B6-920C-4F3AEDEB480B}.Debug|Any CPU.Build.0 = Debug|Any CPU
		{7A1D1EE2-ABD3-47B6-920C-4F3AEDEB480B}.Release|Any CPU.ActiveCfg = Release|Any CPU
		{7A1D1EE2-ABD3-47B6-920C-4F3AEDEB480B}.Release|Any CPU.Build.0 = Release|Any CPU
		{35EF54B6-D4C7-4730-A0F7-AF9EF641299F}.Debug|Any CPU.ActiveCfg = Debug|Any CPU
		{35EF54B6-D4C7-4730-A0F7-AF9EF641299F}.Debug|Any CPU.Build.0 = Debug|Any CPU
		{35EF54B6-D4C7-4730-A0F7-AF9EF641299F}.Release|Any CPU.ActiveCfg = Release|Any CPU
		{35EF54B6-D4C7-4730-A0F7-AF9EF641299F}.Release|Any CPU.Build.0 = Release|Any CPU
		{559FEDDB-EB5A-4922-AF4A-7DF513269765}.Debug|Any CPU.ActiveCfg = Debug|Any CPU
		{559FEDDB-EB5A-4922-AF4A-7DF513269765}.Debug|Any CPU.Build.0 = Debug|Any CPU
		{559FEDDB-EB5A-4922-AF4A-7DF513269765}.Release|Any CPU.ActiveCfg = Release|Any CPU
		{559FEDDB-EB5A-4922-AF4A-7DF513269765}.Release|Any CPU.Build.0 = Release|Any CPU
		{D17C1C43-0A5B-4AA1-9784-D5D58A3A9F43}.Debug|Any CPU.ActiveCfg = Debug|Any CPU
		{D17C1C43-0A5B-4AA1-9784-D5D58A3A9F43}.Debug|Any CPU.Build.0 = Debug|Any CPU
		{D17C1C43-0A5B-4AA1-9784-D5D58A3A9F43}.Release|Any CPU.ActiveCfg = Release|Any CPU
		{D17C1C43-0A5B-4AA1-9784-D5D58A3A9F43}.Release|Any CPU.Build.0 = Release|Any CPU
		{A0A3C61D-200B-4F86-971A-523704942940}.Debug|Any CPU.ActiveCfg = Debug|Any CPU
		{A0A3C61D-200B-4F86-971A-523704942940}.Debug|Any CPU.Build.0 = Debug|Any CPU
		{A0A3C61D-200B-4F86-971A-523704942940}.Release|Any CPU.ActiveCfg = Release|Any CPU
		{A0A3C61D-200B-4F86-971A-523704942940}.Release|Any CPU.Build.0 = Release|Any CPU
		{9FBC0DB1-F6E5-43EA-A1C7-563EC929EEF9}.Debug|Any CPU.ActiveCfg = Debug|Any CPU
		{9FBC0DB1-F6E5-43EA-A1C7-563EC929EEF9}.Debug|Any CPU.Build.0 = Debug|Any CPU
		{9FBC0DB1-F6E5-43EA-A1C7-563EC929EEF9}.Release|Any CPU.ActiveCfg = Release|Any CPU
		{9FBC0DB1-F6E5-43EA-A1C7-563EC929EEF9}.Release|Any CPU.Build.0 = Release|Any CPU
		{4DFA1792-C75C-4BA1-80BC-EFD518EC50A6}.Debug|Any CPU.ActiveCfg = Debug|Any CPU
		{4DFA1792-C75C-4BA1-80BC-EFD518EC50A6}.Debug|Any CPU.Build.0 = Debug|Any CPU
		{4DFA1792-C75C-4BA1-80BC-EFD518EC50A6}.Release|Any CPU.ActiveCfg = Release|Any CPU
		{4DFA1792-C75C-4BA1-80BC-EFD518EC50A6}.Release|Any CPU.Build.0 = Release|Any CPU
		{2C53C36D-6E9E-49AD-AE19-75995C549236}.Debug|Any CPU.ActiveCfg = Debug|Any CPU
		{2C53C36D-6E9E-49AD-AE19-75995C549236}.Debug|Any CPU.Build.0 = Debug|Any CPU
		{2C53C36D-6E9E-49AD-AE19-75995C549236}.Release|Any CPU.ActiveCfg = Release|Any CPU
		{2C53C36D-6E9E-49AD-AE19-75995C549236}.Release|Any CPU.Build.0 = Release|Any CPU
		{AC8467DB-EA3B-4705-AA97-294CB8F3134D}.Debug|Any CPU.ActiveCfg = Debug|Any CPU
		{AC8467DB-EA3B-4705-AA97-294CB8F3134D}.Debug|Any CPU.Build.0 = Debug|Any CPU
		{AC8467DB-EA3B-4705-AA97-294CB8F3134D}.Release|Any CPU.ActiveCfg = Release|Any CPU
		{AC8467DB-EA3B-4705-AA97-294CB8F3134D}.Release|Any CPU.Build.0 = Release|Any CPU
		{068A2428-6897-4876-B834-7425D4951209}.Debug|Any CPU.ActiveCfg = Debug|Any CPU
		{068A2428-6897-4876-B834-7425D4951209}.Debug|Any CPU.Build.0 = Debug|Any CPU
		{068A2428-6897-4876-B834-7425D4951209}.Release|Any CPU.ActiveCfg = Release|Any CPU
		{068A2428-6897-4876-B834-7425D4951209}.Release|Any CPU.Build.0 = Release|Any CPU
		{98270BF3-748D-4DF5-A4CB-0DB24F683FE2}.Debug|Any CPU.ActiveCfg = Debug|Any CPU
		{98270BF3-748D-4DF5-A4CB-0DB24F683FE2}.Debug|Any CPU.Build.0 = Debug|Any CPU
		{98270BF3-748D-4DF5-A4CB-0DB24F683FE2}.Release|Any CPU.ActiveCfg = Release|Any CPU
		{98270BF3-748D-4DF5-A4CB-0DB24F683FE2}.Release|Any CPU.Build.0 = Release|Any CPU
		{37C76083-4D8D-4653-BC42-22DC8FA77E49}.Debug|Any CPU.ActiveCfg = Debug|Any CPU
		{37C76083-4D8D-4653-BC42-22DC8FA77E49}.Debug|Any CPU.Build.0 = Debug|Any CPU
		{37C76083-4D8D-4653-BC42-22DC8FA77E49}.Release|Any CPU.ActiveCfg = Release|Any CPU
		{37C76083-4D8D-4653-BC42-22DC8FA77E49}.Release|Any CPU.Build.0 = Release|Any CPU
		{C337F631-C97E-4F1A-B33C-B627E77D6530}.Debug|Any CPU.ActiveCfg = Debug|Any CPU
		{C337F631-C97E-4F1A-B33C-B627E77D6530}.Debug|Any CPU.Build.0 = Debug|Any CPU
		{C337F631-C97E-4F1A-B33C-B627E77D6530}.Release|Any CPU.ActiveCfg = Release|Any CPU
		{C337F631-C97E-4F1A-B33C-B627E77D6530}.Release|Any CPU.Build.0 = Release|Any CPU
		{B0BAB6C8-9230-439A-A0F6-A802897B8CC3}.Debug|Any CPU.ActiveCfg = Debug|Any CPU
		{B0BAB6C8-9230-439A-A0F6-A802897B8CC3}.Debug|Any CPU.Build.0 = Debug|Any CPU
		{B0BAB6C8-9230-439A-A0F6-A802897B8CC3}.Release|Any CPU.ActiveCfg = Release|Any CPU
		{B0BAB6C8-9230-439A-A0F6-A802897B8CC3}.Release|Any CPU.Build.0 = Release|Any CPU
		{859F2C1C-C62E-45B1-AE74-A5EF3FEC19EA}.Debug|Any CPU.ActiveCfg = Debug|Any CPU
		{859F2C1C-C62E-45B1-AE74-A5EF3FEC19EA}.Debug|Any CPU.Build.0 = Debug|Any CPU
		{859F2C1C-C62E-45B1-AE74-A5EF3FEC19EA}.Release|Any CPU.ActiveCfg = Release|Any CPU
		{859F2C1C-C62E-45B1-AE74-A5EF3FEC19EA}.Release|Any CPU.Build.0 = Release|Any CPU
		{9A75527D-E613-4A24-9660-DDB49EDF52D6}.Debug|Any CPU.ActiveCfg = Debug|Any CPU
		{9A75527D-E613-4A24-9660-DDB49EDF52D6}.Debug|Any CPU.Build.0 = Debug|Any CPU
		{9A75527D-E613-4A24-9660-DDB49EDF52D6}.Release|Any CPU.ActiveCfg = Release|Any CPU
		{9A75527D-E613-4A24-9660-DDB49EDF52D6}.Release|Any CPU.Build.0 = Release|Any CPU
		{2B86B268-B42A-47EA-ABE6-68BEC4241EAF}.Debug|Any CPU.ActiveCfg = Debug|Any CPU
		{2B86B268-B42A-47EA-ABE6-68BEC4241EAF}.Debug|Any CPU.Build.0 = Debug|Any CPU
		{2B86B268-B42A-47EA-ABE6-68BEC4241EAF}.Release|Any CPU.ActiveCfg = Release|Any CPU
		{2B86B268-B42A-47EA-ABE6-68BEC4241EAF}.Release|Any CPU.Build.0 = Release|Any CPU
		{5C2CEE73-9819-45DA-87A8-D4597B3E7FB9}.Debug|Any CPU.ActiveCfg = Debug|Any CPU
		{5C2CEE73-9819-45DA-87A8-D4597B3E7FB9}.Debug|Any CPU.Build.0 = Debug|Any CPU
		{5C2CEE73-9819-45DA-87A8-D4597B3E7FB9}.Release|Any CPU.ActiveCfg = Release|Any CPU
		{5C2CEE73-9819-45DA-87A8-D4597B3E7FB9}.Release|Any CPU.Build.0 = Release|Any CPU
		{DB100384-6586-4AEF-BFC4-F17135B3742D}.Debug|Any CPU.ActiveCfg = Debug|Any CPU
		{DB100384-6586-4AEF-BFC4-F17135B3742D}.Debug|Any CPU.Build.0 = Debug|Any CPU
		{DB100384-6586-4AEF-BFC4-F17135B3742D}.Release|Any CPU.ActiveCfg = Release|Any CPU
		{DB100384-6586-4AEF-BFC4-F17135B3742D}.Release|Any CPU.Build.0 = Release|Any CPU
		{5FA30236-9378-427D-987B-D35CBDAE318F}.Debug|Any CPU.ActiveCfg = Debug|Any CPU
		{5FA30236-9378-427D-987B-D35CBDAE318F}.Debug|Any CPU.Build.0 = Debug|Any CPU
		{5FA30236-9378-427D-987B-D35CBDAE318F}.Release|Any CPU.ActiveCfg = Release|Any CPU
		{5FA30236-9378-427D-987B-D35CBDAE318F}.Release|Any CPU.Build.0 = Release|Any CPU
		{5281FEE2-E339-4F9B-ADB4-5A3EA228DE76}.Debug|Any CPU.ActiveCfg = Debug|Any CPU
		{5281FEE2-E339-4F9B-ADB4-5A3EA228DE76}.Debug|Any CPU.Build.0 = Debug|Any CPU
		{5281FEE2-E339-4F9B-ADB4-5A3EA228DE76}.Release|Any CPU.ActiveCfg = Release|Any CPU
		{5281FEE2-E339-4F9B-ADB4-5A3EA228DE76}.Release|Any CPU.Build.0 = Release|Any CPU
		{FFA2E273-038E-47FD-B5D1-BBE46608FC38}.Debug|Any CPU.ActiveCfg = Debug|Any CPU
		{FFA2E273-038E-47FD-B5D1-BBE46608FC38}.Debug|Any CPU.Build.0 = Debug|Any CPU
		{FFA2E273-038E-47FD-B5D1-BBE46608FC38}.Release|Any CPU.ActiveCfg = Release|Any CPU
		{FFA2E273-038E-47FD-B5D1-BBE46608FC38}.Release|Any CPU.Build.0 = Release|Any CPU
		{CC9602B4-4F78-4DB0-B87D-2839475E235C}.Debug|Any CPU.ActiveCfg = Debug|Any CPU
		{CC9602B4-4F78-4DB0-B87D-2839475E235C}.Debug|Any CPU.Build.0 = Debug|Any CPU
		{CC9602B4-4F78-4DB0-B87D-2839475E235C}.Release|Any CPU.ActiveCfg = Release|Any CPU
		{CC9602B4-4F78-4DB0-B87D-2839475E235C}.Release|Any CPU.Build.0 = Release|Any CPU
	EndGlobalSection
	GlobalSection(SolutionProperties) = preSolution
		HideSolutionNode = FALSE
	EndGlobalSection
	GlobalSection(ExtensibilityGlobals) = postSolution
		SolutionGuid = {3135CC6C-732C-494A-B1E1-867D1B1F3EF3}
	EndGlobalSection
EndGlobal
